// !$*UTF8*$!
{
	archiveVersion = 1;
	classes = {
	};
	objectVersion = 56;
	objects = {

/* Begin PBXBuildFile section */
		EA0F2E4D28E0326B00369989 /* AppDelegate.swift in Sources */ = {isa = PBXBuildFile; fileRef = EA0F2E4C28E0326B00369989 /* AppDelegate.swift */; };
		EA0F2E4F28E0326B00369989 /* SceneDelegate.swift in Sources */ = {isa = PBXBuildFile; fileRef = EA0F2E4E28E0326B00369989 /* SceneDelegate.swift */; };
		EA0F2E5128E0326B00369989 /* Extensions.swift in Sources */ = {isa = PBXBuildFile; fileRef = EA0F2E5028E0326B00369989 /* Extensions.swift */; };
		EA0F2E5928E0326C00369989 /* LaunchScreen.storyboard in Resources */ = {isa = PBXBuildFile; fileRef = EA0F2E5728E0326C00369989 /* LaunchScreen.storyboard */; };
		EA20350728EBE13B006ADEB9 /* Assets.xcassets in Resources */ = {isa = PBXBuildFile; fileRef = EA0F2E5528E0326C00369989 /* Assets.xcassets */; };
		EA38FE5428EFF6E4009E7F7F /* Movie.swift in Sources */ = {isa = PBXBuildFile; fileRef = EA38FE5328EFF6E4009E7F7F /* Movie.swift */; };
		EA38FE5628EFF744009E7F7F /* Response.swift in Sources */ = {isa = PBXBuildFile; fileRef = EA38FE5528EFF744009E7F7F /* Response.swift */; };
		EA38FE5828EFF795009E7F7F /* ServiceError.swift in Sources */ = {isa = PBXBuildFile; fileRef = EA38FE5728EFF795009E7F7F /* ServiceError.swift */; };
		EAAB918C28E0CF8A00DB000D /* MoviesViewController.swift in Sources */ = {isa = PBXBuildFile; fileRef = EAAB918B28E0CF8A00DB000D /* MoviesViewController.swift */; };
		EAAB918E28E0CFC300DB000D /* FavoritesViewController.swift in Sources */ = {isa = PBXBuildFile; fileRef = EAAB918D28E0CFC300DB000D /* FavoritesViewController.swift */; };
/* End PBXBuildFile section */

/* Begin PBXFileReference section */
		EA0F2E4928E0326B00369989 /* movs.app */ = {isa = PBXFileReference; explicitFileType = wrapper.application; includeInIndex = 0; path = movs.app; sourceTree = BUILT_PRODUCTS_DIR; };
		EA0F2E4C28E0326B00369989 /* AppDelegate.swift */ = {isa = PBXFileReference; lastKnownFileType = sourcecode.swift; path = AppDelegate.swift; sourceTree = "<group>"; };
		EA0F2E4E28E0326B00369989 /* SceneDelegate.swift */ = {isa = PBXFileReference; lastKnownFileType = sourcecode.swift; path = SceneDelegate.swift; sourceTree = "<group>"; };
		EA0F2E5028E0326B00369989 /* Extensions.swift */ = {isa = PBXFileReference; lastKnownFileType = sourcecode.swift; path = Extensions.swift; sourceTree = "<group>"; };
		EA0F2E5528E0326C00369989 /* Assets.xcassets */ = {isa = PBXFileReference; lastKnownFileType = folder.assetcatalog; path = Assets.xcassets; sourceTree = "<group>"; };
		EA0F2E5828E0326C00369989 /* Base */ = {isa = PBXFileReference; lastKnownFileType = file.storyboard; name = Base; path = Base.lproj/LaunchScreen.storyboard; sourceTree = "<group>"; };
		EA0F2E5A28E0326C00369989 /* Info.plist */ = {isa = PBXFileReference; lastKnownFileType = text.plist.xml; path = Info.plist; sourceTree = "<group>"; };
		EA38FE5328EFF6E4009E7F7F /* Movie.swift */ = {isa = PBXFileReference; lastKnownFileType = sourcecode.swift; path = Movie.swift; sourceTree = "<group>"; };
		EA38FE5528EFF744009E7F7F /* Response.swift */ = {isa = PBXFileReference; lastKnownFileType = sourcecode.swift; path = Response.swift; sourceTree = "<group>"; };
		EA38FE5728EFF795009E7F7F /* ServiceError.swift */ = {isa = PBXFileReference; lastKnownFileType = sourcecode.swift; path = ServiceError.swift; sourceTree = "<group>"; };
		EAAB918B28E0CF8A00DB000D /* MoviesViewController.swift */ = {isa = PBXFileReference; lastKnownFileType = sourcecode.swift; path = MoviesViewController.swift; sourceTree = "<group>"; };
		EAAB918D28E0CFC300DB000D /* FavoritesViewController.swift */ = {isa = PBXFileReference; lastKnownFileType = sourcecode.swift; path = FavoritesViewController.swift; sourceTree = "<group>"; };
/* End PBXFileReference section */

/* Begin PBXFrameworksBuildPhase section */
		EA0F2E4628E0326B00369989 /* Frameworks */ = {
			isa = PBXFrameworksBuildPhase;
			buildActionMask = 2147483647;
			files = (
			);
			runOnlyForDeploymentPostprocessing = 0;
		};
/* End PBXFrameworksBuildPhase section */

/* Begin PBXGroup section */
		EA0F2E4028E0326B00369989 = {
			isa = PBXGroup;
			children = (
				EA0F2E4B28E0326B00369989 /* movs */,
				EA0F2E4A28E0326B00369989 /* Products */,
			);
			sourceTree = "<group>";
		};
		EA0F2E4A28E0326B00369989 /* Products */ = {
			isa = PBXGroup;
			children = (
				EA0F2E4928E0326B00369989 /* movs.app */,
			);
			name = Products;
			sourceTree = "<group>";
		};
		EA0F2E4B28E0326B00369989 /* movs */ = {
			isa = PBXGroup;
			children = (
				EA38FE5228EFF6BE009E7F7F /* Models */,
				EA0F2E4C28E0326B00369989 /* AppDelegate.swift */,
				EA0F2E4E28E0326B00369989 /* SceneDelegate.swift */,
				EA0F2E5028E0326B00369989 /* Extensions.swift */,
				EAAB918B28E0CF8A00DB000D /* MoviesViewController.swift */,
				EAAB918D28E0CFC300DB000D /* FavoritesViewController.swift */,
				EA0F2E5528E0326C00369989 /* Assets.xcassets */,
				EA0F2E5728E0326C00369989 /* LaunchScreen.storyboard */,
				EA0F2E5A28E0326C00369989 /* Info.plist */,
			);
			path = movs;
			sourceTree = "<group>";
		};
		EA38FE5228EFF6BE009E7F7F /* Models */ = {
			isa = PBXGroup;
			children = (
				EA38FE5328EFF6E4009E7F7F /* Movie.swift */,
				EA38FE5528EFF744009E7F7F /* Response.swift */,
				EA38FE5728EFF795009E7F7F /* ServiceError.swift */,
			);
			path = Models;
			sourceTree = "<group>";
		};
/* End PBXGroup section */

/* Begin PBXNativeTarget section */
		EA0F2E4828E0326B00369989 /* movs */ = {
			isa = PBXNativeTarget;
			buildConfigurationList = EA0F2E5D28E0326C00369989 /* Build configuration list for PBXNativeTarget "movs" */;
			buildPhases = (
				EA0F2E4528E0326B00369989 /* Sources */,
				EA0F2E4628E0326B00369989 /* Frameworks */,
				EA0F2E4728E0326B00369989 /* Resources */,
			);
			buildRules = (
			);
			dependencies = (
			);
			name = movs;
			productName = movs;
			productReference = EA0F2E4928E0326B00369989 /* movs.app */;
			productType = "com.apple.product-type.application";
		};
/* End PBXNativeTarget section */

/* Begin PBXProject section */
		EA0F2E4128E0326B00369989 /* Project object */ = {
			isa = PBXProject;
			attributes = {
				BuildIndependentTargetsInParallel = 1;
				LastSwiftUpdateCheck = 1400;
				LastUpgradeCheck = 1400;
				TargetAttributes = {
					EA0F2E4828E0326B00369989 = {
						CreatedOnToolsVersion = 14.0;
					};
				};
			};
			buildConfigurationList = EA0F2E4428E0326B00369989 /* Build configuration list for PBXProject "movs" */;
			compatibilityVersion = "Xcode 14.0";
			developmentRegion = en;
			hasScannedForEncodings = 0;
			knownRegions = (
				en,
				Base,
			);
			mainGroup = EA0F2E4028E0326B00369989;
			productRefGroup = EA0F2E4A28E0326B00369989 /* Products */;
			projectDirPath = "";
			projectRoot = "";
			targets = (
				EA0F2E4828E0326B00369989 /* movs */,
			);
		};
/* End PBXProject section */

/* Begin PBXResourcesBuildPhase section */
		EA0F2E4728E0326B00369989 /* Resources */ = {
			isa = PBXResourcesBuildPhase;
			buildActionMask = 2147483647;
			files = (
				EA20350728EBE13B006ADEB9 /* Assets.xcassets in Resources */,
				EA0F2E5928E0326C00369989 /* LaunchScreen.storyboard in Resources */,
			);
			runOnlyForDeploymentPostprocessing = 0;
		};
/* End PBXResourcesBuildPhase section */

/* Begin PBXSourcesBuildPhase section */
		EA0F2E4528E0326B00369989 /* Sources */ = {
			isa = PBXSourcesBuildPhase;
			buildActionMask = 2147483647;
			files = (
				EA38FE5828EFF795009E7F7F /* ServiceError.swift in Sources */,
				EA0F2E5128E0326B00369989 /* Extensions.swift in Sources */,
				EA0F2E4D28E0326B00369989 /* AppDelegate.swift in Sources */,
				EA38FE5428EFF6E4009E7F7F /* Movie.swift in Sources */,
				EA0F2E4F28E0326B00369989 /* SceneDelegate.swift in Sources */,
				EAAB918E28E0CFC300DB000D /* FavoritesViewController.swift in Sources */,
				EAAB918C28E0CF8A00DB000D /* MoviesViewController.swift in Sources */,
				EA38FE5628EFF744009E7F7F /* Response.swift in Sources */,
			);
			runOnlyForDeploymentPostprocessing = 0;
		};
/* End PBXSourcesBuildPhase section */

/* Begin PBXVariantGroup section */
		EA0F2E5728E0326C00369989 /* LaunchScreen.storyboard */ = {
			isa = PBXVariantGroup;
			children = (
				EA0F2E5828E0326C00369989 /* Base */,
			);
			name = LaunchScreen.storyboard;
			sourceTree = "<group>";
		};
/* End PBXVariantGroup section */

/* Begin XCBuildConfiguration section */
		EA0F2E5B28E0326C00369989 /* Debug */ = {
			isa = XCBuildConfiguration;
			buildSettings = {
				ALWAYS_SEARCH_USER_PATHS = NO;
				CLANG_ANALYZER_NONNULL = YES;
				CLANG_ANALYZER_NUMBER_OBJECT_CONVERSION = YES_AGGRESSIVE;
				CLANG_CXX_LANGUAGE_STANDARD = "gnu++20";
				CLANG_ENABLE_MODULES = YES;
				CLANG_ENABLE_OBJC_ARC = YES;
				CLANG_ENABLE_OBJC_WEAK = YES;
				CLANG_WARN_BLOCK_CAPTURE_AUTORELEASING = YES;
				CLANG_WARN_BOOL_CONVERSION = YES;
				CLANG_WARN_COMMA = YES;
				CLANG_WARN_CONSTANT_CONVERSION = YES;
				CLANG_WARN_DEPRECATED_OBJC_IMPLEMENTATIONS = YES;
				CLANG_WARN_DIRECT_OBJC_ISA_USAGE = YES_ERROR;
				CLANG_WARN_DOCUMENTATION_COMMENTS = YES;
				CLANG_WARN_EMPTY_BODY = YES;
				CLANG_WARN_ENUM_CONVERSION = YES;
				CLANG_WARN_INFINITE_RECURSION = YES;
				CLANG_WARN_INT_CONVERSION = YES;
				CLANG_WARN_NON_LITERAL_NULL_CONVERSION = YES;
				CLANG_WARN_OBJC_IMPLICIT_RETAIN_SELF = YES;
				CLANG_WARN_OBJC_LITERAL_CONVERSION = YES;
				CLANG_WARN_OBJC_ROOT_CLASS = YES_ERROR;
				CLANG_WARN_QUOTED_INCLUDE_IN_FRAMEWORK_HEADER = YES;
				CLANG_WARN_RANGE_LOOP_ANALYSIS = YES;
				CLANG_WARN_STRICT_PROTOTYPES = YES;
				CLANG_WARN_SUSPICIOUS_MOVE = YES;
				CLANG_WARN_UNGUARDED_AVAILABILITY = YES_AGGRESSIVE;
				CLANG_WARN_UNREACHABLE_CODE = YES;
				CLANG_WARN__DUPLICATE_METHOD_MATCH = YES;
				COPY_PHASE_STRIP = NO;
				DEBUG_INFORMATION_FORMAT = dwarf;
				ENABLE_STRICT_OBJC_MSGSEND = YES;
				ENABLE_TESTABILITY = YES;
				GCC_C_LANGUAGE_STANDARD = gnu11;
				GCC_DYNAMIC_NO_PIC = NO;
				GCC_NO_COMMON_BLOCKS = YES;
				GCC_OPTIMIZATION_LEVEL = 0;
				GCC_PREPROCESSOR_DEFINITIONS = (
					"DEBUG=1",
					"$(inherited)",
				);
				GCC_WARN_64_TO_32_BIT_CONVERSION = YES;
				GCC_WARN_ABOUT_RETURN_TYPE = YES_ERROR;
				GCC_WARN_UNDECLARED_SELECTOR = YES;
				GCC_WARN_UNINITIALIZED_AUTOS = YES_AGGRESSIVE;
				GCC_WARN_UNUSED_FUNCTION = YES;
				GCC_WARN_UNUSED_VARIABLE = YES;
				IPHONEOS_DEPLOYMENT_TARGET = 16.0;
				MTL_ENABLE_DEBUG_INFO = INCLUDE_SOURCE;
				MTL_FAST_MATH = YES;
				ONLY_ACTIVE_ARCH = YES;
				SDKROOT = iphoneos;
				SWIFT_ACTIVE_COMPILATION_CONDITIONS = DEBUG;
				SWIFT_OPTIMIZATION_LEVEL = "-Onone";
			};
			name = Debug;
		};
		EA0F2E5C28E0326C00369989 /* Release */ = {
			isa = XCBuildConfiguration;
			buildSettings = {
				ALWAYS_SEARCH_USER_PATHS = NO;
				CLANG_ANALYZER_NONNULL = YES;
				CLANG_ANALYZER_NUMBER_OBJECT_CONVERSION = YES_AGGRESSIVE;
				CLANG_CXX_LANGUAGE_STANDARD = "gnu++20";
				CLANG_ENABLE_MODULES = YES;
				CLANG_ENABLE_OBJC_ARC = YES;
				CLANG_ENABLE_OBJC_WEAK = YES;
				CLANG_WARN_BLOCK_CAPTURE_AUTORELEASING = YES;
				CLANG_WARN_BOOL_CONVERSION = YES;
				CLANG_WARN_COMMA = YES;
				CLANG_WARN_CONSTANT_CONVERSION = YES;
				CLANG_WARN_DEPRECATED_OBJC_IMPLEMENTATIONS = YES;
				CLANG_WARN_DIRECT_OBJC_ISA_USAGE = YES_ERROR;
				CLANG_WARN_DOCUMENTATION_COMMENTS = YES;
				CLANG_WARN_EMPTY_BODY = YES;
				CLANG_WARN_ENUM_CONVERSION = YES;
				CLANG_WARN_INFINITE_RECURSION = YES;
				CLANG_WARN_INT_CONVERSION = YES;
				CLANG_WARN_NON_LITERAL_NULL_CONVERSION = YES;
				CLANG_WARN_OBJC_IMPLICIT_RETAIN_SELF = YES;
				CLANG_WARN_OBJC_LITERAL_CONVERSION = YES;
				CLANG_WARN_OBJC_ROOT_CLASS = YES_ERROR;
				CLANG_WARN_QUOTED_INCLUDE_IN_FRAMEWORK_HEADER = YES;
				CLANG_WARN_RANGE_LOOP_ANALYSIS = YES;
				CLANG_WARN_STRICT_PROTOTYPES = YES;
				CLANG_WARN_SUSPICIOUS_MOVE = YES;
				CLANG_WARN_UNGUARDED_AVAILABILITY = YES_AGGRESSIVE;
				CLANG_WARN_UNREACHABLE_CODE = YES;
				CLANG_WARN__DUPLICATE_METHOD_MATCH = YES;
				COPY_PHASE_STRIP = NO;
				DEBUG_INFORMATION_FORMAT = "dwarf-with-dsym";
				ENABLE_NS_ASSERTIONS = NO;
				ENABLE_STRICT_OBJC_MSGSEND = YES;
				GCC_C_LANGUAGE_STANDARD = gnu11;
				GCC_NO_COMMON_BLOCKS = YES;
				GCC_WARN_64_TO_32_BIT_CONVERSION = YES;
				GCC_WARN_ABOUT_RETURN_TYPE = YES_ERROR;
				GCC_WARN_UNDECLARED_SELECTOR = YES;
				GCC_WARN_UNINITIALIZED_AUTOS = YES_AGGRESSIVE;
				GCC_WARN_UNUSED_FUNCTION = YES;
				GCC_WARN_UNUSED_VARIABLE = YES;
				IPHONEOS_DEPLOYMENT_TARGET = 16.0;
				MTL_ENABLE_DEBUG_INFO = NO;
				MTL_FAST_MATH = YES;
				SDKROOT = iphoneos;
				SWIFT_COMPILATION_MODE = wholemodule;
				SWIFT_OPTIMIZATION_LEVEL = "-O";
				VALIDATE_PRODUCT = YES;
			};
			name = Release;
		};
		EA0F2E5E28E0326C00369989 /* Debug */ = {
			isa = XCBuildConfiguration;
			buildSettings = {
				ASSETCATALOG_COMPILER_APPICON_NAME = AppIcon;
				ASSETCATALOG_COMPILER_GLOBAL_ACCENT_COLOR_NAME = AccentColor;
				CODE_SIGN_STYLE = Automatic;
				CURRENT_PROJECT_VERSION = 1;
				DEVELOPMENT_TEAM = R5UC247K67;
				GENERATE_INFOPLIST_FILE = YES;
				INFOPLIST_FILE = movs/Info.plist;
				INFOPLIST_KEY_UIApplicationSupportsIndirectInputEvents = YES;
				INFOPLIST_KEY_UILaunchStoryboardName = LaunchScreen.storyboard;
				INFOPLIST_KEY_UISupportedInterfaceOrientations_iPad = "UIInterfaceOrientationPortrait UIInterfaceOrientationPortraitUpsideDown UIInterfaceOrientationLandscapeLeft UIInterfaceOrientationLandscapeRight";
				INFOPLIST_KEY_UISupportedInterfaceOrientations_iPhone = "UIInterfaceOrientationPortrait UIInterfaceOrientationLandscapeLeft UIInterfaceOrientationLandscapeRight";
				IPHONEOS_DEPLOYMENT_TARGET = 15.0;
				LD_RUNPATH_SEARCH_PATHS = (
					"$(inherited)",
					"@executable_path/Frameworks",
				);
				MARKETING_VERSION = 1.0;
				PRODUCT_BUNDLE_IDENTIFIER = msventurini.movs;
				PRODUCT_NAME = "$(TARGET_NAME)";
				SWIFT_EMIT_LOC_STRINGS = YES;
				SWIFT_VERSION = 5.0;
				TARGETED_DEVICE_FAMILY = "1,2";
			};
			name = Debug;
		};
		EA0F2E5F28E0326C00369989 /* Release */ = {
			isa = XCBuildConfiguration;
			buildSettings = {
				ASSETCATALOG_COMPILER_APPICON_NAME = AppIcon;
				ASSETCATALOG_COMPILER_GLOBAL_ACCENT_COLOR_NAME = AccentColor;
				CODE_SIGN_STYLE = Automatic;
				CURRENT_PROJECT_VERSION = 1;
				DEVELOPMENT_TEAM = R5UC247K67;
				GENERATE_INFOPLIST_FILE = YES;
				INFOPLIST_FILE = movs/Info.plist;
				INFOPLIST_KEY_UIApplicationSupportsIndirectInputEvents = YES;
				INFOPLIST_KEY_UILaunchStoryboardName = LaunchScreen.storyboard;
				INFOPLIST_KEY_UISupportedInterfaceOrientations_iPad = "UIInterfaceOrientationPortrait UIInterfaceOrientationPortraitUpsideDown UIInterfaceOrientationLandscapeLeft UIInterfaceOrientationLandscapeRight";
				INFOPLIST_KEY_UISupportedInterfaceOrientations_iPhone = "UIInterfaceOrientationPortrait UIInterfaceOrientationLandscapeLeft UIInterfaceOrientationLandscapeRight";
				IPHONEOS_DEPLOYMENT_TARGET = 15.0;
				LD_RUNPATH_SEARCH_PATHS = (
					"$(inherited)",
					"@executable_path/Frameworks",
				);
				MARKETING_VERSION = 1.0;
				PRODUCT_BUNDLE_IDENTIFIER = msventurini.movs;
				PRODUCT_NAME = "$(TARGET_NAME)";
				SWIFT_EMIT_LOC_STRINGS = YES;
				SWIFT_VERSION = 5.0;
				TARGETED_DEVICE_FAMILY = "1,2";
			};
			name = Release;
		};
/* End XCBuildConfiguration section */

/* Begin XCConfigurationList section */
		EA0F2E4428E0326B00369989 /* Build configuration list for PBXProject "movs" */ = {
			isa = XCConfigurationList;
			buildConfigurations = (
				EA0F2E5B28E0326C00369989 /* Debug */,
				EA0F2E5C28E0326C00369989 /* Release */,
			);
			defaultConfigurationIsVisible = 0;
			defaultConfigurationName = Release;
		};
		EA0F2E5D28E0326C00369989 /* Build configuration list for PBXNativeTarget "movs" */ = {
			isa = XCConfigurationList;
			buildConfigurations = (
				EA0F2E5E28E0326C00369989 /* Debug */,
				EA0F2E5F28E0326C00369989 /* Release */,
			);
			defaultConfigurationIsVisible = 0;
			defaultConfigurationName = Release;
		};
/* End XCConfigurationList section */
	};
	rootObject = EA0F2E4128E0326B00369989 /* Project object */;
}
